// !$*UTF8*$!
{
	archiveVersion = 1;
	classes = {
	};
	objectVersion = 50;
	objects = {

/* Begin PBXBuildFile section */
		2462B19021ECAF4200557F88 /* AppDelegate.swift in Sources */ = {isa = PBXBuildFile; fileRef = 2462B18F21ECAF4200557F88 /* AppDelegate.swift */; };
		2462B19221ECAF4200557F88 /* ViewController.swift in Sources */ = {isa = PBXBuildFile; fileRef = 2462B19121ECAF4200557F88 /* ViewController.swift */; };
		2462B19521ECAF4200557F88 /* Main.storyboard in Resources */ = {isa = PBXBuildFile; fileRef = 2462B19321ECAF4200557F88 /* Main.storyboard */; };
		2462B19721ECAF4400557F88 /* Assets.xcassets in Resources */ = {isa = PBXBuildFile; fileRef = 2462B19621ECAF4400557F88 /* Assets.xcassets */; };
		2462B19A21ECAF4400557F88 /* LaunchScreen.storyboard in Resources */ = {isa = PBXBuildFile; fileRef = 2462B19821ECAF4400557F88 /* LaunchScreen.storyboard */; };
		784822DB41C6F34EC43DAFDF /* Pods_BrutalSampleApp.framework in Frameworks */ = {isa = PBXBuildFile; fileRef = EDB7FDD4DB377459CD2ED6F8 /* Pods_BrutalSampleApp.framework */; };
/* End PBXBuildFile section */

/* Begin PBXFileReference section */
		07D9E78106782CC73C978DF4 /* Pods-BrutalSampleApp.debug.xcconfig */ = {isa = PBXFileReference; includeInIndex = 1; lastKnownFileType = text.xcconfig; name = "Pods-BrutalSampleApp.debug.xcconfig"; path = "Pods/Target Support Files/Pods-BrutalSampleApp/Pods-BrutalSampleApp.debug.xcconfig"; sourceTree = "<group>"; };
		2462B18C21ECAF4200557F88 /* BrutalSampleApp.app */ = {isa = PBXFileReference; explicitFileType = wrapper.application; includeInIndex = 0; path = BrutalSampleApp.app; sourceTree = BUILT_PRODUCTS_DIR; };
		2462B18F21ECAF4200557F88 /* AppDelegate.swift */ = {isa = PBXFileReference; lastKnownFileType = sourcecode.swift; path = AppDelegate.swift; sourceTree = "<group>"; };
		2462B19121ECAF4200557F88 /* ViewController.swift */ = {isa = PBXFileReference; lastKnownFileType = sourcecode.swift; path = ViewController.swift; sourceTree = "<group>"; };
		2462B19421ECAF4200557F88 /* Base */ = {isa = PBXFileReference; lastKnownFileType = file.storyboard; name = Base; path = Base.lproj/Main.storyboard; sourceTree = "<group>"; };
		2462B19621ECAF4400557F88 /* Assets.xcassets */ = {isa = PBXFileReference; lastKnownFileType = folder.assetcatalog; path = Assets.xcassets; sourceTree = "<group>"; };
		2462B19921ECAF4400557F88 /* Base */ = {isa = PBXFileReference; lastKnownFileType = file.storyboard; name = Base; path = Base.lproj/LaunchScreen.storyboard; sourceTree = "<group>"; };
		2462B19B21ECAF4400557F88 /* Info.plist */ = {isa = PBXFileReference; lastKnownFileType = text.plist.xml; path = Info.plist; sourceTree = "<group>"; };
		43244D2E4836E0FEA2338571 /* Pods-BrutalSampleApp.release.xcconfig */ = {isa = PBXFileReference; includeInIndex = 1; lastKnownFileType = text.xcconfig; name = "Pods-BrutalSampleApp.release.xcconfig"; path = "Pods/Target Support Files/Pods-BrutalSampleApp/Pods-BrutalSampleApp.release.xcconfig"; sourceTree = "<group>"; };
		EDB7FDD4DB377459CD2ED6F8 /* Pods_BrutalSampleApp.framework */ = {isa = PBXFileReference; explicitFileType = wrapper.framework; includeInIndex = 0; path = Pods_BrutalSampleApp.framework; sourceTree = BUILT_PRODUCTS_DIR; };
/* End PBXFileReference section */

/* Begin PBXFrameworksBuildPhase section */
		2462B18921ECAF4200557F88 /* Frameworks */ = {
			isa = PBXFrameworksBuildPhase;
			buildActionMask = 2147483647;
			files = (
				784822DB41C6F34EC43DAFDF /* Pods_BrutalSampleApp.framework in Frameworks */,
			);
			runOnlyForDeploymentPostprocessing = 0;
		};
/* End PBXFrameworksBuildPhase section */

/* Begin PBXGroup section */
		208F4426ABB8323493B54086 /* Pods */ = {
			isa = PBXGroup;
			children = (
				07D9E78106782CC73C978DF4 /* Pods-BrutalSampleApp.debug.xcconfig */,
				43244D2E4836E0FEA2338571 /* Pods-BrutalSampleApp.release.xcconfig */,
			);
			name = Pods;
			sourceTree = "<group>";
		};
		2462B18321ECAF4200557F88 = {
			isa = PBXGroup;
			children = (
				2462B18E21ECAF4200557F88 /* BrutalSampleApp */,
				2462B18D21ECAF4200557F88 /* Products */,
				208F4426ABB8323493B54086 /* Pods */,
				7D544F6AB9CB0B600A4A1141 /* Frameworks */,
			);
			sourceTree = "<group>";
		};
		2462B18D21ECAF4200557F88 /* Products */ = {
			isa = PBXGroup;
			children = (
				2462B18C21ECAF4200557F88 /* BrutalSampleApp.app */,
			);
			name = Products;
			sourceTree = "<group>";
		};
		2462B18E21ECAF4200557F88 /* BrutalSampleApp */ = {
			isa = PBXGroup;
			children = (
				2462B18F21ECAF4200557F88 /* AppDelegate.swift */,
				2462B19121ECAF4200557F88 /* ViewController.swift */,
				2462B19321ECAF4200557F88 /* Main.storyboard */,
				2462B19621ECAF4400557F88 /* Assets.xcassets */,
				2462B19821ECAF4400557F88 /* LaunchScreen.storyboard */,
				2462B19B21ECAF4400557F88 /* Info.plist */,
			);
			path = BrutalSampleApp;
			sourceTree = "<group>";
		};
		7D544F6AB9CB0B600A4A1141 /* Frameworks */ = {
			isa = PBXGroup;
			children = (
				EDB7FDD4DB377459CD2ED6F8 /* Pods_BrutalSampleApp.framework */,
			);
			name = Frameworks;
			sourceTree = "<group>";
		};
/* End PBXGroup section */

/* Begin PBXNativeTarget section */
		2462B18B21ECAF4200557F88 /* BrutalSampleApp */ = {
			isa = PBXNativeTarget;
			buildConfigurationList = 2462B19E21ECAF4400557F88 /* Build configuration list for PBXNativeTarget "BrutalSampleApp" */;
			buildPhases = (
				11F38B0A9F71EBA8E9025FAA /* [CP] Check Pods Manifest.lock */,
				2462B18821ECAF4200557F88 /* Sources */,
				2462B18921ECAF4200557F88 /* Frameworks */,
				2462B18A21ECAF4200557F88 /* Resources */,
				C1AFB9FBE211F9ACA8A3F50A /* [CP] Embed Pods Frameworks */,
			);
			buildRules = (
			);
			dependencies = (
			);
			name = BrutalSampleApp;
			productName = BrutalSampleApp;
			productReference = 2462B18C21ECAF4200557F88 /* BrutalSampleApp.app */;
			productType = "com.apple.product-type.application";
		};
/* End PBXNativeTarget section */

/* Begin PBXProject section */
		2462B18421ECAF4200557F88 /* Project object */ = {
			isa = PBXProject;
			attributes = {
				LastSwiftUpdateCheck = 1010;
				LastUpgradeCheck = 1010;
				ORGANIZATIONNAME = tm;
				TargetAttributes = {
					2462B18B21ECAF4200557F88 = {
						CreatedOnToolsVersion = 10.1;
					};
				};
			};
			buildConfigurationList = 2462B18721ECAF4200557F88 /* Build configuration list for PBXProject "BrutalSampleApp" */;
			compatibilityVersion = "Xcode 9.3";
			developmentRegion = en;
			hasScannedForEncodings = 0;
			knownRegions = (
				en,
				Base,
			);
			mainGroup = 2462B18321ECAF4200557F88;
			productRefGroup = 2462B18D21ECAF4200557F88 /* Products */;
			projectDirPath = "";
			projectRoot = "";
			targets = (
				2462B18B21ECAF4200557F88 /* BrutalSampleApp */,
			);
		};
/* End PBXProject section */

/* Begin PBXResourcesBuildPhase section */
		2462B18A21ECAF4200557F88 /* Resources */ = {
			isa = PBXResourcesBuildPhase;
			buildActionMask = 2147483647;
			files = (
				2462B19A21ECAF4400557F88 /* LaunchScreen.storyboard in Resources */,
				2462B19721ECAF4400557F88 /* Assets.xcassets in Resources */,
				2462B19521ECAF4200557F88 /* Main.storyboard in Resources */,
			);
			runOnlyForDeploymentPostprocessing = 0;
		};
/* End PBXResourcesBuildPhase section */

/* Begin PBXShellScriptBuildPhase section */
		11F38B0A9F71EBA8E9025FAA /* [CP] Check Pods Manifest.lock */ = {
			isa = PBXShellScriptBuildPhase;
			buildActionMask = 2147483647;
			files = (
			);
			inputFileListPaths = (
			);
			inputPaths = (
				"${PODS_PODFILE_DIR_PATH}/Podfile.lock",
				"${PODS_ROOT}/Manifest.lock",
			);
			name = "[CP] Check Pods Manifest.lock";
			outputFileListPaths = (
			);
			outputPaths = (
				"$(DERIVED_FILE_DIR)/Pods-BrutalSampleApp-checkManifestLockResult.txt",
			);
			runOnlyForDeploymentPostprocessing = 0;
			shellPath = /bin/sh;
			shellScript = "diff \"${PODS_PODFILE_DIR_PATH}/Podfile.lock\" \"${PODS_ROOT}/Manifest.lock\" > /dev/null\nif [ $? != 0 ] ; then\n    # print error to STDERR\n    echo \"error: The sandbox is not in sync with the Podfile.lock. Run 'pod install' or update your CocoaPods installation.\" >&2\n    exit 1\nfi\n# This output is used by Xcode 'outputs' to avoid re-running this script phase.\necho \"SUCCESS\" > \"${SCRIPT_OUTPUT_FILE_0}\"\n";
			showEnvVarsInLog = 0;
		};
		C1AFB9FBE211F9ACA8A3F50A /* [CP] Embed Pods Frameworks */ = {
			isa = PBXShellScriptBuildPhase;
			buildActionMask = 2147483647;
			files = (
			);
			inputFileListPaths = (
			);
			inputPaths = (
				"${SRCROOT}/Pods/Target Support Files/Pods-BrutalSampleApp/Pods-BrutalSampleApp-frameworks.sh",
				"${BUILT_PRODUCTS_DIR}/Brutal/Brutal.framework",
			);
			name = "[CP] Embed Pods Frameworks";
			outputFileListPaths = (
			);
			outputPaths = (
				"${TARGET_BUILD_DIR}/${FRAMEWORKS_FOLDER_PATH}/Brutal.framework",
			);
			runOnlyForDeploymentPostprocessing = 0;
			shellPath = /bin/sh;
			shellScript = "\"${SRCROOT}/Pods/Target Support Files/Pods-BrutalSampleApp/Pods-BrutalSampleApp-frameworks.sh\"\n";
			showEnvVarsInLog = 0;
		};
/* End PBXShellScriptBuildPhase section */

/* Begin PBXSourcesBuildPhase section */
		2462B18821ECAF4200557F88 /* Sources */ = {
			isa = PBXSourcesBuildPhase;
			buildActionMask = 2147483647;
			files = (
				2462B19221ECAF4200557F88 /* ViewController.swift in Sources */,
				2462B19021ECAF4200557F88 /* AppDelegate.swift in Sources */,
			);
			runOnlyForDeploymentPostprocessing = 0;
		};
/* End PBXSourcesBuildPhase section */

/* Begin PBXVariantGroup section */
		2462B19321ECAF4200557F88 /* Main.storyboard */ = {
			isa = PBXVariantGroup;
			children = (
				2462B19421ECAF4200557F88 /* Base */,
			);
			name = Main.storyboard;
			sourceTree = "<group>";
		};
		2462B19821ECAF4400557F88 /* LaunchScreen.storyboard */ = {
			isa = PBXVariantGroup;
			children = (
				2462B19921ECAF4400557F88 /* Base */,
			);
			name = LaunchScreen.storyboard;
			sourceTree = "<group>";
		};
/* End PBXVariantGroup section */

/* Begin XCBuildConfiguration section */
		2462B19C21ECAF4400557F88 /* Debug */ = {
			isa = XCBuildConfiguration;
			buildSettings = {
				ALWAYS_SEARCH_USER_PATHS = NO;
				CLANG_ANALYZER_NONNULL = YES;
				CLANG_ANALYZER_NUMBER_OBJECT_CONVERSION = YES_AGGRESSIVE;
				CLANG_CXX_LANGUAGE_STANDARD = "gnu++14";
				CLANG_CXX_LIBRARY = "libc++";
				CLANG_ENABLE_MODULES = YES;
				CLANG_ENABLE_OBJC_ARC = YES;
				CLANG_ENABLE_OBJC_WEAK = YES;
				CLANG_WARN_BLOCK_CAPTURE_AUTORELEASING = YES;
				CLANG_WARN_BOOL_CONVERSION = YES;
				CLANG_WARN_COMMA = YES;
				CLANG_WARN_CONSTANT_CONVERSION = YES;
				CLANG_WARN_DEPRECATED_OBJC_IMPLEMENTATIONS = YES;
				CLANG_WARN_DIRECT_OBJC_ISA_USAGE = YES_ERROR;
				CLANG_WARN_DOCUMENTATION_COMMENTS = YES;
				CLANG_WARN_EMPTY_BODY = YES;
				CLANG_WARN_ENUM_CONVERSION = YES;
				CLANG_WARN_INFINITE_RECURSION = YES;
				CLANG_WARN_INT_CONVERSION = YES;
				CLANG_WARN_NON_LITERAL_NULL_CONVERSION = YES;
				CLANG_WARN_OBJC_IMPLICIT_RETAIN_SELF = YES;
				CLANG_WARN_OBJC_LITERAL_CONVERSION = YES;
				CLANG_WARN_OBJC_ROOT_CLASS = YES_ERROR;
				CLANG_WARN_RANGE_LOOP_ANALYSIS = YES;
				CLANG_WARN_STRICT_PROTOTYPES = YES;
				CLANG_WARN_SUSPICIOUS_MOVE = YES;
				CLANG_WARN_UNGUARDED_AVAILABILITY = YES_AGGRESSIVE;
				CLANG_WARN_UNREACHABLE_CODE = YES;
				CLANG_WARN__DUPLICATE_METHOD_MATCH = YES;
				CODE_SIGN_IDENTITY = "iPhone Developer";
				COPY_PHASE_STRIP = NO;
				DEBUG_INFORMATION_FORMAT = dwarf;
				ENABLE_STRICT_OBJC_MSGSEND = YES;
				ENABLE_TESTABILITY = YES;
				GCC_C_LANGUAGE_STANDARD = gnu11;
				GCC_DYNAMIC_NO_PIC = NO;
				GCC_NO_COMMON_BLOCKS = YES;
				GCC_OPTIMIZATION_LEVEL = 0;
				GCC_PREPROCESSOR_DEFINITIONS = (
					"DEBUG=1",
					"$(inherited)",
				);
				GCC_WARN_64_TO_32_BIT_CONVERSION = YES;
				GCC_WARN_ABOUT_RETURN_TYPE = YES_ERROR;
				GCC_WARN_UNDECLARED_SELECTOR = YES;
				GCC_WARN_UNINITIALIZED_AUTOS = YES_AGGRESSIVE;
				GCC_WARN_UNUSED_FUNCTION = YES;
				GCC_WARN_UNUSED_VARIABLE = YES;
				IPHONEOS_DEPLOYMENT_TARGET = 12.1;
				MTL_ENABLE_DEBUG_INFO = INCLUDE_SOURCE;
				MTL_FAST_MATH = YES;
				ONLY_ACTIVE_ARCH = YES;
				SDKROOT = iphoneos;
				SWIFT_ACTIVE_COMPILATION_CONDITIONS = DEBUG;
				SWIFT_OPTIMIZATION_LEVEL = "-Onone";
			};
			name = Debug;
		};
		2462B19D21ECAF4400557F88 /* Release */ = {
			isa = XCBuildConfiguration;
			buildSettings = {
				ALWAYS_SEARCH_USER_PATHS = NO;
				CLANG_ANALYZER_NONNULL = YES;
				CLANG_ANALYZER_NUMBER_OBJECT_CONVERSION = YES_AGGRESSIVE;
				CLANG_CXX_LANGUAGE_STANDARD = "gnu++14";
				CLANG_CXX_LIBRARY = "libc++";
				CLANG_ENABLE_MODULES = YES;
				CLANG_ENABLE_OBJC_ARC = YES;
				CLANG_ENABLE_OBJC_WEAK = YES;
				CLANG_WARN_BLOCK_CAPTURE_AUTORELEASING = YES;
				CLANG_WARN_BOOL_CONVERSION = YES;
				CLANG_WARN_COMMA = YES;
				CLANG_WARN_CONSTANT_CONVERSION = YES;
				CLANG_WARN_DEPRECATED_OBJC_IMPLEMENTATIONS = YES;
				CLANG_WARN_DIRECT_OBJC_ISA_USAGE = YES_ERROR;
				CLANG_WARN_DOCUMENTATION_COMMENTS = YES;
				CLANG_WARN_EMPTY_BODY = YES;
				CLANG_WARN_ENUM_CONVERSION = YES;
				CLANG_WARN_INFINITE_RECURSION = YES;
				CLANG_WARN_INT_CONVERSION = YES;
				CLANG_WARN_NON_LITERAL_NULL_CONVERSION = YES;
				CLANG_WARN_OBJC_IMPLICIT_RETAIN_SELF = YES;
				CLANG_WARN_OBJC_LITERAL_CONVERSION = YES;
				CLANG_WARN_OBJC_ROOT_CLASS = YES_ERROR;
				CLANG_WARN_RANGE_LOOP_ANALYSIS = YES;
				CLANG_WARN_STRICT_PROTOTYPES = YES;
				CLANG_WARN_SUSPICIOUS_MOVE = YES;
				CLANG_WARN_UNGUARDED_AVAILABILITY = YES_AGGRESSIVE;
				CLANG_WARN_UNREACHABLE_CODE = YES;
				CLANG_WARN__DUPLICATE_METHOD_MATCH = YES;
				CODE_SIGN_IDENTITY = "iPhone Developer";
				COPY_PHASE_STRIP = NO;
				DEBUG_INFORMATION_FORMAT = "dwarf-with-dsym";
				ENABLE_NS_ASSERTIONS = NO;
				ENABLE_STRICT_OBJC_MSGSEND = YES;
				GCC_C_LANGUAGE_STANDARD = gnu11;
				GCC_NO_COMMON_BLOCKS = YES;
				GCC_WARN_64_TO_32_BIT_CONVERSION = YES;
				GCC_WARN_ABOUT_RETURN_TYPE = YES_ERROR;
				GCC_WARN_UNDECLARED_SELECTOR = YES;
				GCC_WARN_UNINITIALIZED_AUTOS = YES_AGGRESSIVE;
				GCC_WARN_UNUSED_FUNCTION = YES;
				GCC_WARN_UNUSED_VARIABLE = YES;
				IPHONEOS_DEPLOYMENT_TARGET = 12.1;
				MTL_ENABLE_DEBUG_INFO = NO;
				MTL_FAST_MATH = YES;
				SDKROOT = iphoneos;
				SWIFT_COMPILATION_MODE = wholemodule;
				SWIFT_OPTIMIZATION_LEVEL = "-O";
				VALIDATE_PRODUCT = YES;
			};
			name = Release;
		};
		2462B19F21ECAF4400557F88 /* Debug */ = {
			isa = XCBuildConfiguration;
			baseConfigurationReference = 07D9E78106782CC73C978DF4 /* Pods-BrutalSampleApp.debug.xcconfig */;
			buildSettings = {
				ASSETCATALOG_COMPILER_APPICON_NAME = AppIcon;
				CODE_SIGN_STYLE = Automatic;
				DEVELOPMENT_TEAM = 4C34FT6ABU;
				INFOPLIST_FILE = BrutalSampleApp/Info.plist;
				LD_RUNPATH_SEARCH_PATHS = (
					"$(inherited)",
					"@executable_path/Frameworks",
				);
				PRODUCT_BUNDLE_IDENTIFIER = com.tm.BrutalSampleApp;
				PRODUCT_NAME = "$(TARGET_NAME)";
				SWIFT_VERSION = 4.2;
				TARGETED_DEVICE_FAMILY = "1,2";
			};
			name = Debug;
		};
		2462B1A021ECAF4400557F88 /* Release */ = {
			isa = XCBuildConfiguration;
			baseConfigurationReference = 43244D2E4836E0FEA2338571 /* Pods-BrutalSampleApp.release.xcconfig */;
			buildSettings = {
				ASSETCATALOG_COMPILER_APPICON_NAME = AppIcon;
				CODE_SIGN_STYLE = Automatic;
				DEVELOPMENT_TEAM = 4C34FT6ABU;
				INFOPLIST_FILE = BrutalSampleApp/Info.plist;
				LD_RUNPATH_SEARCH_PATHS = (
					"$(inherited)",
					"@executable_path/Frameworks",
				);
				PRODUCT_BUNDLE_IDENTIFIER = com.tm.BrutalSampleApp;
				PRODUCT_NAME = "$(TARGET_NAME)";
				SWIFT_VERSION = 4.2;
				TARGETED_DEVICE_FAMILY = "1,2";
			};
			name = Release;
		};
/* End XCBuildConfiguration section */

/* Begin XCConfigurationList section */
		2462B18721ECAF4200557F88 /* Build configuration list for PBXProject "BrutalSampleApp" */ = {
			isa = XCConfigurationList;
			buildConfigurations = (
				2462B19C21ECAF4400557F88 /* Debug */,
				2462B19D21ECAF4400557F88 /* Release */,
			);
			defaultConfigurationIsVisible = 0;
			defaultConfigurationName = Release;
		};
		2462B19E21ECAF4400557F88 /* Build configuration list for PBXNativeTarget "BrutalSampleApp" */ = {
			isa = XCConfigurationList;
			buildConfigurations = (
				2462B19F21ECAF4400557F88 /* Debug */,
				2462B1A021ECAF4400557F88 /* Release */,
			);
			defaultConfigurationIsVisible = 0;
			defaultConfigurationName = Release;
		};
/* End XCConfigurationList section */
	};
	rootObject = 2462B18421ECAF4200557F88 /* Project object */;
}
